Microsoft Visual Studio Solution File, Format Version 12.00
# Visual Studio Version 17
VisualStudioVersion = 17.5.2.0
MinimumVisualStudioVersion = 10.0.40219.1
Project("{2150E333-8FDC-42A3-9474-1A3956D46DE8}") = "aps_integration", "aps_integration", "{8BA331B7-CE99-327E-7FA8-891DE452DEBB}"
EndProject
Project("{FAE04EC0-301F-11D3-BF4B-00C04F79EFBC}") = "DuplaExtractor", "aps_integration\DuplaExtractor\DuplaExtractor.csproj", "{D8520354-4636-7732-84F5-B6695E3A4F1C}"
EndProject
Global
	GlobalSection(SolutionConfigurationPlatforms) = preSolution
		Debug|Any CPU = Debug|Any CPU
		Release|Any CPU = Release|Any CPU
	EndGlobalSection
	GlobalSection(ProjectConfigurationPlatforms) = postSolution
		{D8520354-4636-7732-84F5-B6695E3A4F1C}.Debug|Any CPU.ActiveCfg = Debug|Any CPU
		{D8520354-4636-7732-84F5-B6695E3A4F1C}.Debug|Any CPU.Build.0 = Debug|Any CPU
		{D8520354-4636-7732-84F5-B6695E3A4F1C}.Release|Any CPU.ActiveCfg = Release|Any CPU
		{D8520354-4636-7732-84F5-B6695E3A4F1C}.Release|Any CPU.Build.0 = Release|Any CPU
	EndGlobalSection
	GlobalSection(SolutionProperties) = preSolution
		HideSolutionNode = FALSE
	EndGlobalSection
	GlobalSection(NestedProjects) = preSolution
		{D8520354-4636-7732-84F5-B6695E3A4F1C} = {8BA331B7-CE99-327E-7FA8-891DE452DEBB}
	EndGlobalSection
	GlobalSection(ExtensibilityGlobals) = postSolution
		SolutionGuid = {9261846F-C645-478B-8B10-EED0BFC9B569}
	EndGlobalSection
EndGlobal
